
Microsoft Visual Studio Solution File, Format Version 12.00
# Visual Studio Version 17
VisualStudioVersion = 17.2.32616.157
MinimumVisualStudioVersion = 10.0.40219.1
Project("{8BC9CEB8-8B4A-11D0-8D11-00A0C91BC942}") = "MaterialBinLoader", "MaterialBinLoader\MaterialBinLoader.vcxproj", "{0B08BF08-8C5D-4A9D-B517-6B2DA60581C7}"
EndProject
Project("{8BC9CEB8-8B4A-11D0-8D11-00A0C91BC942}") = "NetherHeight", "NetherHeight\NetherHeight.vcxproj", "{0665A6A5-7656-43C5-ADDA-5105E4B10D9D}"
EndProject
Project("{8BC9CEB8-8B4A-11D0-8D11-00A0C91BC942}") = "NetherHeightOld", "NetherHeightOld\NetherHeightOld.vcxproj", "{F89E3F58-4CA6-4A63-BC42-14082C20BB07}"
EndProject
Global
	GlobalSection(SolutionConfigurationPlatforms) = preSolution
		Debug|x64 = Debug|x64
		Debug|x86 = Debug|x86
		Release|x64 = Release|x64
		Release|x86 = Release|x86
	EndGlobalSection
	GlobalSection(ProjectConfigurationPlatforms) = postSolution
		{0B08BF08-8C5D-4A9D-B517-6B2DA60581C7}.Debug|x64.ActiveCfg = Debug|x64
		{0B08BF08-8C5D-4A9D-B517-6B2DA60581C7}.Debug|x64.Build.0 = Debug|x64
		{0B08BF08-8C5D-4A9D-B517-6B2DA60581C7}.Debug|x86.ActiveCfg = Debug|Win32
		{0B08BF08-8C5D-4A9D-B517-6B2DA60581C7}.Debug|x86.Build.0 = Debug|Win32
		{0B08BF08-8C5D-4A9D-B517-6B2DA60581C7}.Release|x64.ActiveCfg = Release|x64
		{0B08BF08-8C5D-4A9D-B517-6B2DA60581C7}.Release|x64.Build.0 = Release|x64
		{0B08BF08-8C5D-4A9D-B517-6B2DA60581C7}.Release|x86.ActiveCfg = Release|Win32
		{0B08BF08-8C5D-4A9D-B517-6B2DA60581C7}.Release|x86.Build.0 = Release|Win32
		{0665A6A5-7656-43C5-ADDA-5105E4B10D9D}.Debug|x64.ActiveCfg = Debug|x64
		{0665A6A5-7656-43C5-ADDA-5105E4B10D9D}.Debug|x64.Build.0 = Debug|x64
		{0665A6A5-7656-43C5-ADDA-5105E4B10D9D}.Debug|x86.ActiveCfg = Debug|Win32
		{0665A6A5-7656-43C5-ADDA-5105E4B10D9D}.Debug|x86.Build.0 = Debug|Win32
		{0665A6A5-7656-43C5-ADDA-5105E4B10D9D}.Release|x64.ActiveCfg = Release|x64
		{0665A6A5-7656-43C5-ADDA-5105E4B10D9D}.Release|x64.Build.0 = Release|x64
		{0665A6A5-7656-43C5-ADDA-5105E4B10D9D}.Release|x86.ActiveCfg = Release|Win32
		{0665A6A5-7656-43C5-ADDA-5105E4B10D9D}.Release|x86.Build.0 = Release|Win32
		{F89E3F58-4CA6-4A63-BC42-14082C20BB07}.Debug|x64.ActiveCfg = Debug|x64
		{F89E3F58-4CA6-4A63-BC42-14082C20BB07}.Debug|x64.Build.0 = Debug|x64
		{F89E3F58-4CA6-4A63-BC42-14082C20BB07}.Debug|x86.ActiveCfg = Debug|Win32
		{F89E3F58-4CA6-4A63-BC42-14082C20BB07}.Debug|x86.Build.0 = Debug|Win32
		{F89E3F58-4CA6-4A63-BC42-14082C20BB07}.Release|x64.ActiveCfg = Release|x64
		{F89E3F58-4CA6-4A63-BC42-14082C20BB07}.Release|x64.Build.0 = Release|x64
		{F89E3F58-4CA6-4A63-BC42-14082C20BB07}.Release|x86.ActiveCfg = Release|Win32
		{F89E3F58-4CA6-4A63-BC42-14082C20BB07}.Release|x86.Build.0 = Release|Win32
	EndGlobalSection
	GlobalSection(SolutionProperties) = preSolution
		HideSolutionNode = FALSE
	EndGlobalSection
	GlobalSection(ExtensibilityGlobals) = postSolution
		SolutionGuid = {79CE06BA-B8E4-47E5-B3E4-68B1E3519024}
	EndGlobalSection
EndGlobal
